
Microsoft Visual Studio Solution File, Format Version 12.00
# Visual Studio Version 16
VisualStudioVersion = 16.0.31702.278
MinimumVisualStudioVersion = 10.0.40219.1
Project("{FAE04EC0-301F-11D3-BF4B-00C04F79EFBC}") = "SiparischiWebApi", "SiparischiWebApi\SiparischiWebApi.csproj", "{47A81EAB-0829-420A-A9BF-187C2F592BD4}"
EndProject
Global
	GlobalSection(SolutionConfigurationPlatforms) = preSolution
		Debug|Any CPU = Debug|Any CPU
		Release|Any CPU = Release|Any CPU
	EndGlobalSection
	GlobalSection(ProjectConfigurationPlatforms) = postSolution
		{47A81EAB-0829-420A-A9BF-187C2F592BD4}.Debug|Any CPU.ActiveCfg = Debug|Any CPU
		{47A81EAB-0829-420A-A9BF-187C2F592BD4}.Debug|Any CPU.Build.0 = Debug|Any CPU
		{47A81EAB-0829-420A-A9BF-187C2F592BD4}.Release|Any CPU.ActiveCfg = Release|Any CPU
		{47A81EAB-0829-420A-A9BF-187C2F592BD4}.Release|Any CPU.Build.0 = Release|Any CPU
	EndGlobalSection
	GlobalSection(SolutionProperties) = preSolution
		HideSolutionNode = FALSE
	EndGlobalSection
	GlobalSection(ExtensibilityGlobals) = postSolution
		SolutionGuid = {18CAB6E1-CB33-4300-A90A-4D29EECD69D6}
	EndGlobalSection
EndGlobal
